// !$*UTF8*$!
{
	archiveVersion = 1;
	classes = {
	};
	objectVersion = 77;
	objects = {

/* Begin PBXBuildFile section */
		6B6629D92D8C248300AE2352 /* SDWebImage in Frameworks */ = {isa = PBXBuildFile; productRef = 6B6629D82D8C248300AE2352 /* SDWebImage */; };
/* End PBXBuildFile section */

/* Begin PBXContainerItemProxy section */
		6B1276392D8A8FFD00E7F2A1 /* PBXContainerItemProxy */ = {
			isa = PBXContainerItemProxy;
			containerPortal = 6B1276172D8A8FFA00E7F2A1 /* Project object */;
			proxyType = 1;
			remoteGlobalIDString = 6B12761E2D8A8FFA00E7F2A1;
			remoteInfo = "Condé Nast Traveller";
		};
		6B1276432D8A8FFD00E7F2A1 /* PBXContainerItemProxy */ = {
			isa = PBXContainerItemProxy;
			containerPortal = 6B1276172D8A8FFA00E7F2A1 /* Project object */;
			proxyType = 1;
			remoteGlobalIDString = 6B12761E2D8A8FFA00E7F2A1;
			remoteInfo = "Condé Nast Traveller";
		};
/* End PBXContainerItemProxy section */

/* Begin PBXFileReference section */
		6B12761F2D8A8FFA00E7F2A1 /* Condé Nast Traveller.app */ = {isa = PBXFileReference; explicitFileType = wrapper.application; includeInIndex = 0; path = "Condé Nast Traveller.app"; sourceTree = BUILT_PRODUCTS_DIR; };
		6B1276382D8A8FFD00E7F2A1 /* Condé Nast TravellerTests.xctest */ = {isa = PBXFileReference; explicitFileType = wrapper.cfbundle; includeInIndex = 0; path = "Condé Nast TravellerTests.xctest"; sourceTree = BUILT_PRODUCTS_DIR; };
		6B1276422D8A8FFD00E7F2A1 /* Condé Nast TravellerUITests.xctest */ = {isa = PBXFileReference; explicitFileType = wrapper.cfbundle; includeInIndex = 0; path = "Condé Nast TravellerUITests.xctest"; sourceTree = BUILT_PRODUCTS_DIR; };
/* End PBXFileReference section */

/* Begin PBXFileSystemSynchronizedBuildFileExceptionSet section */
		6B12764A2D8A8FFD00E7F2A1 /* Exceptions for "Condé Nast Traveller" folder in "Condé Nast Traveller" target */ = {
			isa = PBXFileSystemSynchronizedBuildFileExceptionSet;
			membershipExceptions = (
				Info.plist,
			);
			target = 6B12761E2D8A8FFA00E7F2A1 /* Condé Nast Traveller */;
		};
/* End PBXFileSystemSynchronizedBuildFileExceptionSet section */

/* Begin PBXFileSystemSynchronizedRootGroup section */
		6B1276212D8A8FFA00E7F2A1 /* Condé Nast Traveller */ = {
			isa = PBXFileSystemSynchronizedRootGroup;
			exceptions = (
				6B12764A2D8A8FFD00E7F2A1 /* Exceptions for "Condé Nast Traveller" folder in "Condé Nast Traveller" target */,
			);
			path = "Condé Nast Traveller";
			sourceTree = "<group>";
		};
		6B12763B2D8A8FFD00E7F2A1 /* Condé Nast TravellerTests */ = {
			isa = PBXFileSystemSynchronizedRootGroup;
			path = "Condé Nast TravellerTests";
			sourceTree = "<group>";
		};
		6B1276452D8A8FFD00E7F2A1 /* Condé Nast TravellerUITests */ = {
			isa = PBXFileSystemSynchronizedRootGroup;
			path = "Condé Nast TravellerUITests";
			sourceTree = "<group>";
		};
/* End PBXFileSystemSynchronizedRootGroup section */

/* Begin PBXFrameworksBuildPhase section */
		6B12761C2D8A8FFA00E7F2A1 /* Frameworks */ = {
			isa = PBXFrameworksBuildPhase;
			buildActionMask = 2147483647;
			files = (
				6B6629D92D8C248300AE2352 /* SDWebImage in Frameworks */,
			);
			runOnlyForDeploymentPostprocessing = 0;
		};
		6B1276352D8A8FFD00E7F2A1 /* Frameworks */ = {
			isa = PBXFrameworksBuildPhase;
			buildActionMask = 2147483647;
			files = (
			);
			runOnlyForDeploymentPostprocessing = 0;
		};
		6B12763F2D8A8FFD00E7F2A1 /* Frameworks */ = {
			isa = PBXFrameworksBuildPhase;
			buildActionMask = 2147483647;
			files = (
			);
			runOnlyForDeploymentPostprocessing = 0;
		};
/* End PBXFrameworksBuildPhase section */

/* Begin PBXGroup section */
		6B1276162D8A8FFA00E7F2A1 = {
			isa = PBXGroup;
			children = (
				6B1276212D8A8FFA00E7F2A1 /* Condé Nast Traveller */,
				6B12763B2D8A8FFD00E7F2A1 /* Condé Nast TravellerTests */,
				6B1276452D8A8FFD00E7F2A1 /* Condé Nast TravellerUITests */,
				6B1276202D8A8FFA00E7F2A1 /* Products */,
			);
			sourceTree = "<group>";
		};
		6B1276202D8A8FFA00E7F2A1 /* Products */ = {
			isa = PBXGroup;
			children = (
				6B12761F2D8A8FFA00E7F2A1 /* Condé Nast Traveller.app */,
				6B1276382D8A8FFD00E7F2A1 /* Condé Nast TravellerTests.xctest */,
				6B1276422D8A8FFD00E7F2A1 /* Condé Nast TravellerUITests.xctest */,
			);
			name = Products;
			sourceTree = "<group>";
		};
/* End PBXGroup section */

/* Begin PBXNativeTarget section */
		6B12761E2D8A8FFA00E7F2A1 /* Condé Nast Traveller */ = {
			isa = PBXNativeTarget;
			buildConfigurationList = 6B12764B2D8A8FFD00E7F2A1 /* Build configuration list for PBXNativeTarget "Condé Nast Traveller" */;
			buildPhases = (
				6B12761B2D8A8FFA00E7F2A1 /* Sources */,
				6B12761C2D8A8FFA00E7F2A1 /* Frameworks */,
				6B12761D2D8A8FFA00E7F2A1 /* Resources */,
			);
			buildRules = (
			);
			dependencies = (
			);
			fileSystemSynchronizedGroups = (
				6B1276212D8A8FFA00E7F2A1 /* Condé Nast Traveller */,
			);
			name = "Condé Nast Traveller";
			packageProductDependencies = (
				6B6629D82D8C248300AE2352 /* SDWebImage */,
			);
			productName = "Condé Nast Traveller";
			productReference = 6B12761F2D8A8FFA00E7F2A1 /* Condé Nast Traveller.app */;
			productType = "com.apple.product-type.application";
		};
		6B1276372D8A8FFD00E7F2A1 /* Condé Nast TravellerTests */ = {
			isa = PBXNativeTarget;
			buildConfigurationList = 6B1276502D8A8FFD00E7F2A1 /* Build configuration list for PBXNativeTarget "Condé Nast TravellerTests" */;
			buildPhases = (
				6B1276342D8A8FFD00E7F2A1 /* Sources */,
				6B1276352D8A8FFD00E7F2A1 /* Frameworks */,
				6B1276362D8A8FFD00E7F2A1 /* Resources */,
			);
			buildRules = (
			);
			dependencies = (
				6B12763A2D8A8FFD00E7F2A1 /* PBXTargetDependency */,
			);
			fileSystemSynchronizedGroups = (
				6B12763B2D8A8FFD00E7F2A1 /* Condé Nast TravellerTests */,
			);
			name = "Condé Nast TravellerTests";
			packageProductDependencies = (
			);
			productName = "Condé Nast TravellerTests";
			productReference = 6B1276382D8A8FFD00E7F2A1 /* Condé Nast TravellerTests.xctest */;
			productType = "com.apple.product-type.bundle.unit-test";
		};
		6B1276412D8A8FFD00E7F2A1 /* Condé Nast TravellerUITests */ = {
			isa = PBXNativeTarget;
			buildConfigurationList = 6B1276532D8A8FFD00E7F2A1 /* Build configuration list for PBXNativeTarget "Condé Nast TravellerUITests" */;
			buildPhases = (
				6B12763E2D8A8FFD00E7F2A1 /* Sources */,
				6B12763F2D8A8FFD00E7F2A1 /* Frameworks */,
				6B1276402D8A8FFD00E7F2A1 /* Resources */,
			);
			buildRules = (
			);
			dependencies = (
				6B1276442D8A8FFD00E7F2A1 /* PBXTargetDependency */,
			);
			fileSystemSynchronizedGroups = (
				6B1276452D8A8FFD00E7F2A1 /* Condé Nast TravellerUITests */,
			);
			name = "Condé Nast TravellerUITests";
			packageProductDependencies = (
			);
			productName = "Condé Nast TravellerUITests";
			productReference = 6B1276422D8A8FFD00E7F2A1 /* Condé Nast TravellerUITests.xctest */;
			productType = "com.apple.product-type.bundle.ui-testing";
		};
/* End PBXNativeTarget section */

/* Begin PBXProject section */
		6B1276172D8A8FFA00E7F2A1 /* Project object */ = {
			isa = PBXProject;
			attributes = {
				BuildIndependentTargetsInParallel = 1;
				LastSwiftUpdateCheck = 1620;
				LastUpgradeCheck = 1620;
				TargetAttributes = {
					6B12761E2D8A8FFA00E7F2A1 = {
						CreatedOnToolsVersion = 16.2;
					};
					6B1276372D8A8FFD00E7F2A1 = {
						CreatedOnToolsVersion = 16.2;
						TestTargetID = 6B12761E2D8A8FFA00E7F2A1;
					};
					6B1276412D8A8FFD00E7F2A1 = {
						CreatedOnToolsVersion = 16.2;
						TestTargetID = 6B12761E2D8A8FFA00E7F2A1;
					};
				};
			};
			buildConfigurationList = 6B12761A2D8A8FFA00E7F2A1 /* Build configuration list for PBXProject "Condé Nast Traveller" */;
			developmentRegion = en;
			hasScannedForEncodings = 0;
			knownRegions = (
				en,
				Base,
			);
			mainGroup = 6B1276162D8A8FFA00E7F2A1;
			minimizedProjectReferenceProxies = 1;
			packageReferences = (
				6B6629D72D8C248300AE2352 /* XCRemoteSwiftPackageReference "SDWebImage" */,
			);
			preferredProjectObjectVersion = 77;
			productRefGroup = 6B1276202D8A8FFA00E7F2A1 /* Products */;
			projectDirPath = "";
			projectRoot = "";
			targets = (
				6B12761E2D8A8FFA00E7F2A1 /* Condé Nast Traveller */,
				6B1276372D8A8FFD00E7F2A1 /* Condé Nast TravellerTests */,
				6B1276412D8A8FFD00E7F2A1 /* Condé Nast TravellerUITests */,
			);
		};
/* End PBXProject section */

/* Begin PBXResourcesBuildPhase section */
		6B12761D2D8A8FFA00E7F2A1 /* Resources */ = {
			isa = PBXResourcesBuildPhase;
			buildActionMask = 2147483647;
			files = (
			);
			runOnlyForDeploymentPostprocessing = 0;
		};
		6B1276362D8A8FFD00E7F2A1 /* Resources */ = {
			isa = PBXResourcesBuildPhase;
			buildActionMask = 2147483647;
			files = (
			);
			runOnlyForDeploymentPostprocessing = 0;
		};
		6B1276402D8A8FFD00E7F2A1 /* Resources */ = {
			isa = PBXResourcesBuildPhase;
			buildActionMask = 2147483647;
			files = (
			);
			runOnlyForDeploymentPostprocessing = 0;
		};
/* End PBXResourcesBuildPhase section */

/* Begin PBXSourcesBuildPhase section */
		6B12761B2D8A8FFA00E7F2A1 /* Sources */ = {
			isa = PBXSourcesBuildPhase;
			buildActionMask = 2147483647;
			files = (
			);
			runOnlyForDeploymentPostprocessing = 0;
		};
		6B1276342D8A8FFD00E7F2A1 /* Sources */ = {
			isa = PBXSourcesBuildPhase;
			buildActionMask = 2147483647;
			files = (
			);
			runOnlyForDeploymentPostprocessing = 0;
		};
		6B12763E2D8A8FFD00E7F2A1 /* Sources */ = {
			isa = PBXSourcesBuildPhase;
			buildActionMask = 2147483647;
			files = (
			);
			runOnlyForDeploymentPostprocessing = 0;
		};
/* End PBXSourcesBuildPhase section */

/* Begin PBXTargetDependency section */
		6B12763A2D8A8FFD00E7F2A1 /* PBXTargetDependency */ = {
			isa = PBXTargetDependency;
			target = 6B12761E2D8A8FFA00E7F2A1 /* Condé Nast Traveller */;
			targetProxy = 6B1276392D8A8FFD00E7F2A1 /* PBXContainerItemProxy */;
		};
		6B1276442D8A8FFD00E7F2A1 /* PBXTargetDependency */ = {
			isa = PBXTargetDependency;
			target = 6B12761E2D8A8FFA00E7F2A1 /* Condé Nast Traveller */;
			targetProxy = 6B1276432D8A8FFD00E7F2A1 /* PBXContainerItemProxy */;
		};
/* End PBXTargetDependency section */

/* Begin XCBuildConfiguration section */
		6B12764C2D8A8FFD00E7F2A1 /* Debug */ = {
			isa = XCBuildConfiguration;
			buildSettings = {
				ASSETCATALOG_COMPILER_APPICON_NAME = AppIcon;
				ASSETCATALOG_COMPILER_GLOBAL_ACCENT_COLOR_NAME = AccentColor;
				CODE_SIGN_STYLE = Automatic;
				CURRENT_PROJECT_VERSION = 1;
				DEVELOPMENT_TEAM = 3J6VVQ6CD2;
				GENERATE_INFOPLIST_FILE = YES;
				INFOPLIST_FILE = "Condé Nast Traveller/Info.plist";
				INFOPLIST_KEY_UIApplicationSupportsIndirectInputEvents = YES;
				INFOPLIST_KEY_UILaunchStoryboardName = LaunchScreen;
				INFOPLIST_KEY_UIMainStoryboardFile = Main;
				INFOPLIST_KEY_UISupportedInterfaceOrientations_iPad = "UIInterfaceOrientationPortrait UIInterfaceOrientationPortraitUpsideDown UIInterfaceOrientationLandscapeLeft UIInterfaceOrientationLandscapeRight";
				INFOPLIST_KEY_UISupportedInterfaceOrientations_iPhone = "UIInterfaceOrientationPortrait UIInterfaceOrientationLandscapeLeft UIInterfaceOrientationLandscapeRight";
				IPHONEOS_DEPLOYMENT_TARGET = 16;
				LD_RUNPATH_SEARCH_PATHS = (
					"$(inherited)",
					"@executable_path/Frameworks",
				);
				MARKETING_VERSION = 1.0;
				PRODUCT_BUNDLE_IDENTIFIER = "com.Naveen.Conde--Nast-Traveller";
				PRODUCT_NAME = "$(TARGET_NAME)";
				SWIFT_EMIT_LOC_STRINGS = YES;
				SWIFT_VERSION = 5.0;
				TARGETED_DEVICE_FAMILY = "1,2";
			};
			name = Debug;
		};
		6B12764D2D8A8FFD00E7F2A1 /* Release */ = {
			isa = XCBuildConfiguration;
			buildSettings = {
				ASSETCATALOG_COMPILER_APPICON_NAME = AppIcon;
				ASSETCATALOG_COMPILER_GLOBAL_ACCENT_COLOR_NAME = AccentColor;
				CODE_SIGN_STYLE = Automatic;
				CURRENT_PROJECT_VERSION = 1;
				DEVELOPMENT_TEAM = 3J6VVQ6CD2;
				GENERATE_INFOPLIST_FILE = YES;
				INFOPLIST_FILE = "Condé Nast Traveller/Info.plist";
				INFOPLIST_KEY_UIApplicationSupportsIndirectInputEvents = YES;
				INFOPLIST_KEY_UILaunchStoryboardName = LaunchScreen;
				INFOPLIST_KEY_UIMainStoryboardFile = Main;
				INFOPLIST_KEY_UISupportedInterfaceOrientations_iPad = "UIInterfaceOrientationPortrait UIInterfaceOrientationPortraitUpsideDown UIInterfaceOrientationLandscapeLeft UIInterfaceOrientationLandscapeRight";
				INFOPLIST_KEY_UISupportedInterfaceOrientations_iPhone = "UIInterfaceOrientationPortrait UIInterfaceOrientationLandscapeLeft UIInterfaceOrientationLandscapeRight";
				IPHONEOS_DEPLOYMENT_TARGET = 16;
				LD_RUNPATH_SEARCH_PATHS = (
					"$(inherited)",
					"@executable_path/Frameworks",
				);
				MARKETING_VERSION = 1.0;
				PRODUCT_BUNDLE_IDENTIFIER = "com.Naveen.Conde--Nast-Traveller";
				PRODUCT_NAME = "$(TARGET_NAME)";
				SWIFT_EMIT_LOC_STRINGS = YES;
				SWIFT_VERSION = 5.0;
				TARGETED_DEVICE_FAMILY = "1,2";
			};
			name = Release;
		};
		6B12764E2D8A8FFD00E7F2A1 /* Debug */ = {
			isa = XCBuildConfiguration;
			buildSettings = {
				ALWAYS_SEARCH_USER_PATHS = NO;
				ASSETCATALOG_COMPILER_GENERATE_SWIFT_ASSET_SYMBOL_EXTENSIONS = YES;
				CLANG_ANALYZER_NONNULL = YES;
				CLANG_ANALYZER_NUMBER_OBJECT_CONVERSION = YES_AGGRESSIVE;
				CLANG_CXX_LANGUAGE_STANDARD = "gnu++20";
				CLANG_ENABLE_MODULES = YES;
				CLANG_ENABLE_OBJC_ARC = YES;
				CLANG_ENABLE_OBJC_WEAK = YES;
				CLANG_WARN_BLOCK_CAPTURE_AUTORELEASING = YES;
				CLANG_WARN_BOOL_CONVERSION = YES;
				CLANG_WARN_COMMA = YES;
				CLANG_WARN_CONSTANT_CONVERSION = YES;
				CLANG_WARN_DEPRECATED_OBJC_IMPLEMENTATIONS = YES;
				CLANG_WARN_DIRECT_OBJC_ISA_USAGE = YES_ERROR;
				CLANG_WARN_DOCUMENTATION_COMMENTS = YES;
				CLANG_WARN_EMPTY_BODY = YES;
				CLANG_WARN_ENUM_CONVERSION = YES;
				CLANG_WARN_INFINITE_RECURSION = YES;
				CLANG_WARN_INT_CONVERSION = YES;
				CLANG_WARN_NON_LITERAL_NULL_CONVERSION = YES;
				CLANG_WARN_OBJC_IMPLICIT_RETAIN_SELF = YES;
				CLANG_WARN_OBJC_LITERAL_CONVERSION = YES;
				CLANG_WARN_OBJC_ROOT_CLASS = YES_ERROR;
				CLANG_WARN_QUOTED_INCLUDE_IN_FRAMEWORK_HEADER = YES;
				CLANG_WARN_RANGE_LOOP_ANALYSIS = YES;
				CLANG_WARN_STRICT_PROTOTYPES = YES;
				CLANG_WARN_SUSPICIOUS_MOVE = YES;
				CLANG_WARN_UNGUARDED_AVAILABILITY = YES_AGGRESSIVE;
				CLANG_WARN_UNREACHABLE_CODE = YES;
				CLANG_WARN__DUPLICATE_METHOD_MATCH = YES;
				COPY_PHASE_STRIP = NO;
				DEBUG_INFORMATION_FORMAT = dwarf;
				ENABLE_STRICT_OBJC_MSGSEND = YES;
				ENABLE_TESTABILITY = YES;
				ENABLE_USER_SCRIPT_SANDBOXING = YES;
				GCC_C_LANGUAGE_STANDARD = gnu17;
				GCC_DYNAMIC_NO_PIC = NO;
				GCC_NO_COMMON_BLOCKS = YES;
				GCC_OPTIMIZATION_LEVEL = 0;
				GCC_PREPROCESSOR_DEFINITIONS = (
					"DEBUG=1",
					"$(inherited)",
				);
				GCC_WARN_64_TO_32_BIT_CONVERSION = YES;
				GCC_WARN_ABOUT_RETURN_TYPE = YES_ERROR;
				GCC_WARN_UNDECLARED_SELECTOR = YES;
				GCC_WARN_UNINITIALIZED_AUTOS = YES_AGGRESSIVE;
				GCC_WARN_UNUSED_FUNCTION = YES;
				GCC_WARN_UNUSED_VARIABLE = YES;
				IPHONEOS_DEPLOYMENT_TARGET = 18.2;
				LOCALIZATION_PREFERS_STRING_CATALOGS = YES;
				MTL_ENABLE_DEBUG_INFO = INCLUDE_SOURCE;
				MTL_FAST_MATH = YES;
				ONLY_ACTIVE_ARCH = YES;
				SDKROOT = iphoneos;
				SWIFT_ACTIVE_COMPILATION_CONDITIONS = "DEBUG $(inherited)";
				SWIFT_OPTIMIZATION_LEVEL = "-Onone";
			};
			name = Debug;
		};
		6B12764F2D8A8FFD00E7F2A1 /* Release */ = {
			isa = XCBuildConfiguration;
			buildSettings = {
				ALWAYS_SEARCH_USER_PATHS = NO;
				ASSETCATALOG_COMPILER_GENERATE_SWIFT_ASSET_SYMBOL_EXTENSIONS = YES;
				CLANG_ANALYZER_NONNULL = YES;
				CLANG_ANALYZER_NUMBER_OBJECT_CONVERSION = YES_AGGRESSIVE;
				CLANG_CXX_LANGUAGE_STANDARD = "gnu++20";
				CLANG_ENABLE_MODULES = YES;
				CLANG_ENABLE_OBJC_ARC = YES;
				CLANG_ENABLE_OBJC_WEAK = YES;
				CLANG_WARN_BLOCK_CAPTURE_AUTORELEASING = YES;
				CLANG_WARN_BOOL_CONVERSION = YES;
				CLANG_WARN_COMMA = YES;
				CLANG_WARN_CONSTANT_CONVERSION = YES;
				CLANG_WARN_DEPRECATED_OBJC_IMPLEMENTATIONS = YES;
				CLANG_WARN_DIRECT_OBJC_ISA_USAGE = YES_ERROR;
				CLANG_WARN_DOCUMENTATION_COMMENTS = YES;
				CLANG_WARN_EMPTY_BODY = YES;
				CLANG_WARN_ENUM_CONVERSION = YES;
				CLANG_WARN_INFINITE_RECURSION = YES;
				CLANG_WARN_INT_CONVERSION = YES;
				CLANG_WARN_NON_LITERAL_NULL_CONVERSION = YES;
				CLANG_WARN_OBJC_IMPLICIT_RETAIN_SELF = YES;
				CLANG_WARN_OBJC_LITERAL_CONVERSION = YES;
				CLANG_WARN_OBJC_ROOT_CLASS = YES_ERROR;
				CLANG_WARN_QUOTED_INCLUDE_IN_FRAMEWORK_HEADER = YES;
				CLANG_WARN_RANGE_LOOP_ANALYSIS = YES;
				CLANG_WARN_STRICT_PROTOTYPES = YES;
				CLANG_WARN_SUSPICIOUS_MOVE = YES;
				CLANG_WARN_UNGUARDED_AVAILABILITY = YES_AGGRESSIVE;
				CLANG_WARN_UNREACHABLE_CODE = YES;
				CLANG_WARN__DUPLICATE_METHOD_MATCH = YES;
				COPY_PHASE_STRIP = NO;
				DEBUG_INFORMATION_FORMAT = "dwarf-with-dsym";
				ENABLE_NS_ASSERTIONS = NO;
				ENABLE_STRICT_OBJC_MSGSEND = YES;
				ENABLE_USER_SCRIPT_SANDBOXING = YES;
				GCC_C_LANGUAGE_STANDARD = gnu17;
				GCC_NO_COMMON_BLOCKS = YES;
				GCC_WARN_64_TO_32_BIT_CONVERSION = YES;
				GCC_WARN_ABOUT_RETURN_TYPE = YES_ERROR;
				GCC_WARN_UNDECLARED_SELECTOR = YES;
				GCC_WARN_UNINITIALIZED_AUTOS = YES_AGGRESSIVE;
				GCC_WARN_UNUSED_FUNCTION = YES;
				GCC_WARN_UNUSED_VARIABLE = YES;
				IPHONEOS_DEPLOYMENT_TARGET = 18.2;
				LOCALIZATION_PREFERS_STRING_CATALOGS = YES;
				MTL_ENABLE_DEBUG_INFO = NO;
				MTL_FAST_MATH = YES;
				SDKROOT = iphoneos;
				SWIFT_COMPILATION_MODE = wholemodule;
				VALIDATE_PRODUCT = YES;
			};
			name = Release;
		};
		6B1276512D8A8FFD00E7F2A1 /* Debug */ = {
			isa = XCBuildConfiguration;
			buildSettings = {
				BUNDLE_LOADER = "$(TEST_HOST)";
				CODE_SIGN_STYLE = Automatic;
				CURRENT_PROJECT_VERSION = 1;
				DEVELOPMENT_TEAM = 3J6VVQ6CD2;
				GENERATE_INFOPLIST_FILE = YES;
				IPHONEOS_DEPLOYMENT_TARGET = 18.2;
				MARKETING_VERSION = 1.0;
				PRODUCT_BUNDLE_IDENTIFIER = "com.Naveen.Conde--Nast-TravellerTests";
				PRODUCT_NAME = "$(TARGET_NAME)";
				SWIFT_EMIT_LOC_STRINGS = NO;
				SWIFT_VERSION = 5.0;
				TARGETED_DEVICE_FAMILY = "1,2";
				TEST_HOST = "$(BUILT_PRODUCTS_DIR)/Condé Nast Traveller.app/$(BUNDLE_EXECUTABLE_FOLDER_PATH)/Condé Nast Traveller";
			};
			name = Debug;
		};
		6B1276522D8A8FFD00E7F2A1 /* Release */ = {
			isa = XCBuildConfiguration;
			buildSettings = {
				BUNDLE_LOADER = "$(TEST_HOST)";
				CODE_SIGN_STYLE = Automatic;
				CURRENT_PROJECT_VERSION = 1;
				DEVELOPMENT_TEAM = 3J6VVQ6CD2;
				GENERATE_INFOPLIST_FILE = YES;
				IPHONEOS_DEPLOYMENT_TARGET = 18.2;
				MARKETING_VERSION = 1.0;
				PRODUCT_BUNDLE_IDENTIFIER = "com.Naveen.Conde--Nast-TravellerTests";
				PRODUCT_NAME = "$(TARGET_NAME)";
				SWIFT_EMIT_LOC_STRINGS = NO;
				SWIFT_VERSION = 5.0;
				TARGETED_DEVICE_FAMILY = "1,2";
				TEST_HOST = "$(BUILT_PRODUCTS_DIR)/Condé Nast Traveller.app/$(BUNDLE_EXECUTABLE_FOLDER_PATH)/Condé Nast Traveller";
			};
			name = Release;
		};
		6B1276542D8A8FFD00E7F2A1 /* Debug */ = {
			isa = XCBuildConfiguration;
			buildSettings = {
				CODE_SIGN_STYLE = Automatic;
				CURRENT_PROJECT_VERSION = 1;
				DEVELOPMENT_TEAM = 3J6VVQ6CD2;
				GENERATE_INFOPLIST_FILE = YES;
				MARKETING_VERSION = 1.0;
				PRODUCT_BUNDLE_IDENTIFIER = "com.Naveen.Conde--Nast-TravellerUITests";
				PRODUCT_NAME = "$(TARGET_NAME)";
				SWIFT_EMIT_LOC_STRINGS = NO;
				SWIFT_VERSION = 5.0;
				TARGETED_DEVICE_FAMILY = "1,2";
				TEST_TARGET_NAME = "Condé Nast Traveller";
			};
			name = Debug;
		};
		6B1276552D8A8FFD00E7F2A1 /* Release */ = {
			isa = XCBuildConfiguration;
			buildSettings = {
				CODE_SIGN_STYLE = Automatic;
				CURRENT_PROJECT_VERSION = 1;
				DEVELOPMENT_TEAM = 3J6VVQ6CD2;
				GENERATE_INFOPLIST_FILE = YES;
				MARKETING_VERSION = 1.0;
				PRODUCT_BUNDLE_IDENTIFIER = "com.Naveen.Conde--Nast-TravellerUITests";
				PRODUCT_NAME = "$(TARGET_NAME)";
				SWIFT_EMIT_LOC_STRINGS = NO;
				SWIFT_VERSION = 5.0;
				TARGETED_DEVICE_FAMILY = "1,2";
				TEST_TARGET_NAME = "Condé Nast Traveller";
			};
			name = Release;
		};
/* End XCBuildConfiguration section */

/* Begin XCConfigurationList section */
		6B12761A2D8A8FFA00E7F2A1 /* Build configuration list for PBXProject "Condé Nast Traveller" */ = {
			isa = XCConfigurationList;
			buildConfigurations = (
				6B12764E2D8A8FFD00E7F2A1 /* Debug */,
				6B12764F2D8A8FFD00E7F2A1 /* Release */,
			);
			defaultConfigurationIsVisible = 0;
			defaultConfigurationName = Release;
		};
		6B12764B2D8A8FFD00E7F2A1 /* Build configuration list for PBXNativeTarget "Condé Nast Traveller" */ = {
			isa = XCConfigurationList;
			buildConfigurations = (
				6B12764C2D8A8FFD00E7F2A1 /* Debug */,
				6B12764D2D8A8FFD00E7F2A1 /* Release */,
			);
			defaultConfigurationIsVisible = 0;
			defaultConfigurationName = Release;
		};
		6B1276502D8A8FFD00E7F2A1 /* Build configuration list for PBXNativeTarget "Condé Nast TravellerTests" */ = {
			isa = XCConfigurationList;
			buildConfigurations = (
				6B1276512D8A8FFD00E7F2A1 /* Debug */,
				6B1276522D8A8FFD00E7F2A1 /* Release */,
			);
			defaultConfigurationIsVisible = 0;
			defaultConfigurationName = Release;
		};
		6B1276532D8A8FFD00E7F2A1 /* Build configuration list for PBXNativeTarget "Condé Nast TravellerUITests" */ = {
			isa = XCConfigurationList;
			buildConfigurations = (
				6B1276542D8A8FFD00E7F2A1 /* Debug */,
				6B1276552D8A8FFD00E7F2A1 /* Release */,
			);
			defaultConfigurationIsVisible = 0;
			defaultConfigurationName = Release;
		};
/* End XCConfigurationList section */

/* Begin XCRemoteSwiftPackageReference section */
		6B6629D72D8C248300AE2352 /* XCRemoteSwiftPackageReference "SDWebImage" */ = {
			isa = XCRemoteSwiftPackageReference;
			repositoryURL = "https://github.com/SDWebImage/SDWebImage.git";
			requirement = {
				kind = upToNextMajorVersion;
				minimumVersion = 5.21.0;
			};
		};
/* End XCRemoteSwiftPackageReference section */

/* Begin XCSwiftPackageProductDependency section */
		6B6629D82D8C248300AE2352 /* SDWebImage */ = {
			isa = XCSwiftPackageProductDependency;
			package = 6B6629D72D8C248300AE2352 /* XCRemoteSwiftPackageReference "SDWebImage" */;
			productName = SDWebImage;
		};
/* End XCSwiftPackageProductDependency section */
	};
	rootObject = 6B1276172D8A8FFA00E7F2A1 /* Project object */;
}
